
Microsoft Visual Studio Solution File, Format Version 12.00
# Visual Studio 2015
Project("{FAE04EC0-301F-11D3-BF4B-00C04F79EFBC}") = "Panda Project 5-28", "Panda Project 5-28.csproj", "{60B3B378-F654-1932-EFFA-4D066C078EBE}"
EndProject
Global
	GlobalSection(SolutionConfigurationPlatforms) = preSolution
		Debug|Any CPU = Debug|Any CPU
		Release|Any CPU = Release|Any CPU
	EndGlobalSection
	GlobalSection(ProjectConfigurationPlatforms) = postSolution
		{60B3B378-F654-1932-EFFA-4D066C078EBE}.Debug|Any CPU.ActiveCfg = Debug|Any CPU
		{60B3B378-F654-1932-EFFA-4D066C078EBE}.Debug|Any CPU.Build.0 = Debug|Any CPU
		{60B3B378-F654-1932-EFFA-4D066C078EBE}.Release|Any CPU.ActiveCfg = Release|Any CPU
		{60B3B378-F654-1932-EFFA-4D066C078EBE}.Release|Any CPU.Build.0 = Release|Any CPU
	EndGlobalSection
	GlobalSection(SolutionProperties) = preSolution
		HideSolutionNode = FALSE
	EndGlobalSection
EndGlobal
